// !$*UTF8*$!
{
	archiveVersion = 1;
	classes = {
	};
	objectVersion = 46;
	objects = {

/* Begin PBXBuildFile section */
		02F591804F8A82D0538D1A47 /* Pods_ezlangUITests.framework in Frameworks */ = {isa = PBXBuildFile; fileRef = C693B151B4357899EBCBD1D5 /* Pods_ezlangUITests.framework */; };
		0410E0B91CBEDDF500AC92E4 /* EasyLangAPI.swift in Sources */ = {isa = PBXBuildFile; fileRef = 0410E0B81CBEDDF500AC92E4 /* EasyLangAPI.swift */; };
		0410E0BB1CC1000700AC92E4 /* MenuSettingsController.swift in Sources */ = {isa = PBXBuildFile; fileRef = 0410E0BA1CC1000700AC92E4 /* MenuSettingsController.swift */; };
		0410E0BD1CC145A100AC92E4 /* MenuTypeModeController.swift in Sources */ = {isa = PBXBuildFile; fileRef = 0410E0BC1CC145A100AC92E4 /* MenuTypeModeController.swift */; };
		041C2CFD1C34A11400E179CF /* CommonExtensions.swift in Sources */ = {isa = PBXBuildFile; fileRef = 041C2CFC1C34A11400E179CF /* CommonExtensions.swift */; };
		042DBD221C7AE76200613943 /* Database.swift in Sources */ = {isa = PBXBuildFile; fileRef = 042DBD211C7AE76200613943 /* Database.swift */; };
		042F4ED61C2B1B9E0051FC21 /* Level.swift in Sources */ = {isa = PBXBuildFile; fileRef = 042F4ED51C2B1B9E0051FC21 /* Level.swift */; };
		0443A2BC1C752E64004CB42C /* DictionaryViewController.swift in Sources */ = {isa = PBXBuildFile; fileRef = 0443A2BB1C752E64004CB42C /* DictionaryViewController.swift */; };
		0446F6CD1C3D4A52009A89DF /* Localizable.strings in Resources */ = {isa = PBXBuildFile; fileRef = 0446F6CF1C3D4A52009A89DF /* Localizable.strings */; };
		0446F6D21C3D4BA7009A89DF /* SettingCell.swift in Sources */ = {isa = PBXBuildFile; fileRef = 0446F6D11C3D4BA7009A89DF /* SettingCell.swift */; };
		0456AE8D1CB46A6900A8FBE4 /* UserDefaultsManager.swift in Sources */ = {isa = PBXBuildFile; fileRef = 0456AE8C1CB46A6900A8FBE4 /* UserDefaultsManager.swift */; };
		046D27351CF1FA700006C5B8 /* ServerResponse.swift in Sources */ = {isa = PBXBuildFile; fileRef = 046D27341CF1FA700006C5B8 /* ServerResponse.swift */; };
		046E543E1C78F68C00308F60 /* DictionaryCell.swift in Sources */ = {isa = PBXBuildFile; fileRef = 046E543D1C78F68C00308F60 /* DictionaryCell.swift */; };
		04711A061C67518B0096E78C /* GroupsViewController.swift in Sources */ = {isa = PBXBuildFile; fileRef = 04711A051C67518B0096E78C /* GroupsViewController.swift */; };
		04711A081C67AA670096E78C /* GroupCell.swift in Sources */ = {isa = PBXBuildFile; fileRef = 04711A071C67AA670096E78C /* GroupCell.swift */; };
		048348021C5E28B600C6EEAB /* HelpViewController.swift in Sources */ = {isa = PBXBuildFile; fileRef = 048348011C5E28B600C6EEAB /* HelpViewController.swift */; };
		049BC1CF1CFEA1250081C2C6 /* data in Resources */ = {isa = PBXBuildFile; fileRef = 049BC1CE1CFEA1250081C2C6 /* data */; };
		049BC1D11CFEAF590081C2C6 /* Launch Screen.storyboard in Resources */ = {isa = PBXBuildFile; fileRef = 049BC1D01CFEAF590081C2C6 /* Launch Screen.storyboard */; };
		049EC87A1C5D535600F4A580 /* UserProgressControl.swift in Sources */ = {isa = PBXBuildFile; fileRef = 049EC8791C5D535600F4A580 /* UserProgressControl.swift */; };
		04A835F51CE0908A00CFC06A /* Assets.xcassets in Resources */ = {isa = PBXBuildFile; fileRef = 04A835F41CE0908A00CFC06A /* Assets.xcassets */; };
		04BAFBC11CDAEE3C00FA89BB /* Main.storyboard in Resources */ = {isa = PBXBuildFile; fileRef = 04BAFBBF1CDAEE3C00FA89BB /* Main.storyboard */; };
		04BCC08A1C3D13F5006F8ED5 /* futurearound_bold.ttf in Resources */ = {isa = PBXBuildFile; fileRef = 04BCC0891C3D13F5006F8ED5 /* futurearound_bold.ttf */; };
		04BCC08C1C3D181E006F8ED5 /* ButtonCell.swift in Sources */ = {isa = PBXBuildFile; fileRef = 04BCC08B1C3D181E006F8ED5 /* ButtonCell.swift */; };
		04BCC0901C3D235F006F8ED5 /* MainMenuController.swift in Sources */ = {isa = PBXBuildFile; fileRef = 04BCC08F1C3D235F006F8ED5 /* MainMenuController.swift */; };
		04C3B6B11C669D5F00DD43CE /* FeedbackController.swift in Sources */ = {isa = PBXBuildFile; fileRef = 04C3B6B01C669D5F00DD43CE /* FeedbackController.swift */; };
		04EE75AD1CBBBAEE00D3E5F6 /* GameKit.framework in Frameworks */ = {isa = PBXBuildFile; fileRef = 04EE75AC1CBBBAEE00D3E5F6 /* GameKit.framework */; };
		04F216461C45D8F3004B0EBE /* ProfileViewController.swift in Sources */ = {isa = PBXBuildFile; fileRef = 04F216451C45D8F3004B0EBE /* ProfileViewController.swift */; };
		04F216481C45DA4D004B0EBE /* UiExtensions.swift in Sources */ = {isa = PBXBuildFile; fileRef = 04F216471C45DA4D004B0EBE /* UiExtensions.swift */; };
		1A54F1C890313764BDB001E0 /* Array2D.swift in Sources */ = {isa = PBXBuildFile; fileRef = 1A54F280E2E4EECE53E1E5CC /* Array2D.swift */; };
		1A54F1DBEF00207CD9872E87 /* SpriteKitUtils.swift in Sources */ = {isa = PBXBuildFile; fileRef = 1A54F8F88FEBB557014D57D8 /* SpriteKitUtils.swift */; };
		1A54F43AB6CCC81E965B692E /* TaskFactory.swift in Sources */ = {isa = PBXBuildFile; fileRef = 1A54FE4AE57DEFFCE734C098 /* TaskFactory.swift */; };
		1A54F59189AB6D1ADF91CCD6 /* RealmExtensions.swift in Sources */ = {isa = PBXBuildFile; fileRef = 1A54FBC4D539D308171E4EFD /* RealmExtensions.swift */; };
		1A54F6DF9C5926B3D3DFC0E7 /* LetterNode.swift in Sources */ = {isa = PBXBuildFile; fileRef = 1A54FE1C0D5AB6E3A1CB2963 /* LetterNode.swift */; };
		1A54F73FCB4BDE420504C243 /* NetworkUtils.swift in Sources */ = {isa = PBXBuildFile; fileRef = 1A54F31528B18F41DB42C426 /* NetworkUtils.swift */; };
		1A54F7522B91607BF0B4610B /* Game.swift in Sources */ = {isa = PBXBuildFile; fileRef = 1A54F8E80D8FBB15FBA5277C /* Game.swift */; };
		1A54F8E936A793C10E7473EB /* User.swift in Sources */ = {isa = PBXBuildFile; fileRef = 1A54FCB22BC791130CA41A84 /* User.swift */; };
		1A54F9049C2B82EB969B493A /* GameGrid.swift in Sources */ = {isa = PBXBuildFile; fileRef = 1A54FE4CF95E15DB597C7CFD /* GameGrid.swift */; };
		1A54F9DF93387B2F2801B029 /* Task.swift in Sources */ = {isa = PBXBuildFile; fileRef = 1A54F3B5851251B21E86E094 /* Task.swift */; };
		1A54FD3038339112B774E377 /* Group.swift in Sources */ = {isa = PBXBuildFile; fileRef = 1A54FC7EBA9A3B1EB0159E97 /* Group.swift */; };
		1A54FEA8B3807CDA77476CAA /* RatingViewController.swift in Sources */ = {isa = PBXBuildFile; fileRef = 1A54FAC9EE0337B3348E4CB0 /* RatingViewController.swift */; };
		480AF738F2BB84896DC9CAA5 /* Pods_ezlangTests.framework in Frameworks */ = {isa = PBXBuildFile; fileRef = A42971FB3B1572D11FA1CC0A /* Pods_ezlangTests.framework */; };
		6B15D45244198469714B60C9 /* Pods_ezlang.framework in Frameworks */ = {isa = PBXBuildFile; fileRef = 58558789FDEA5EDEF122EF02 /* Pods_ezlang.framework */; };
		7A21FC511BFE0EF30047BE1B /* AppDelegate.swift in Sources */ = {isa = PBXBuildFile; fileRef = 7A21FC501BFE0EF30047BE1B /* AppDelegate.swift */; };
		7A21FC661BFE0EF30047BE1B /* ezlangTests.swift in Sources */ = {isa = PBXBuildFile; fileRef = 7A21FC651BFE0EF30047BE1B /* ezlangTests.swift */; };
		7A21FC711BFE0EF30047BE1B /* ezlangUITests.swift in Sources */ = {isa = PBXBuildFile; fileRef = 7A21FC701BFE0EF30047BE1B /* ezlangUITests.swift */; };
		7ACC83D61C0619A500AF92C1 /* GameViewController.swift in Sources */ = {isa = PBXBuildFile; fileRef = 7ACC83D51C0619A500AF92C1 /* GameViewController.swift */; };
		7ACC83D81C061A2900AF92C1 /* GameScene.swift in Sources */ = {isa = PBXBuildFile; fileRef = 7ACC83D71C061A2900AF92C1 /* GameScene.swift */; };
/* End PBXBuildFile section */

/* Begin PBXContainerItemProxy section */
		7A21FC621BFE0EF30047BE1B /* PBXContainerItemProxy */ = {
			isa = PBXContainerItemProxy;
			containerPortal = 7A21FC451BFE0EF30047BE1B /* Project object */;
			proxyType = 1;
			remoteGlobalIDString = 7A21FC4C1BFE0EF30047BE1B;
			remoteInfo = ezlang;
		};
		7A21FC6D1BFE0EF30047BE1B /* PBXContainerItemProxy */ = {
			isa = PBXContainerItemProxy;
			containerPortal = 7A21FC451BFE0EF30047BE1B /* Project object */;
			proxyType = 1;
			remoteGlobalIDString = 7A21FC4C1BFE0EF30047BE1B;
			remoteInfo = ezlang;
		};
/* End PBXContainerItemProxy section */

/* Begin PBXFileReference section */
		0410E0B81CBEDDF500AC92E4 /* EasyLangAPI.swift */ = {isa = PBXFileReference; fileEncoding = 4; lastKnownFileType = sourcecode.swift; path = EasyLangAPI.swift; sourceTree = "<group>"; };
		0410E0BA1CC1000700AC92E4 /* MenuSettingsController.swift */ = {isa = PBXFileReference; fileEncoding = 4; lastKnownFileType = sourcecode.swift; path = MenuSettingsController.swift; sourceTree = "<group>"; };
		0410E0BC1CC145A100AC92E4 /* MenuTypeModeController.swift */ = {isa = PBXFileReference; fileEncoding = 4; lastKnownFileType = sourcecode.swift; path = MenuTypeModeController.swift; sourceTree = "<group>"; };
		041C2CFC1C34A11400E179CF /* CommonExtensions.swift */ = {isa = PBXFileReference; fileEncoding = 4; lastKnownFileType = sourcecode.swift; path = CommonExtensions.swift; sourceTree = "<group>"; };
		0428BA5C1C2B1EE500BA5AD9 /* RealmSwift.framework */ = {isa = PBXFileReference; lastKnownFileType = wrapper.framework; name = RealmSwift.framework; path = "Pods/../build/Debug-iphoneos/RealmSwift.framework"; sourceTree = "<group>"; };
		0428BA5E1C2B1F0800BA5AD9 /* Realm.framework */ = {isa = PBXFileReference; lastKnownFileType = wrapper.framework; name = Realm.framework; path = "Pods/../build/Debug-iphoneos/Realm.framework"; sourceTree = "<group>"; };
		042DBD211C7AE76200613943 /* Database.swift */ = {isa = PBXFileReference; fileEncoding = 4; lastKnownFileType = sourcecode.swift; path = Database.swift; sourceTree = "<group>"; };
		042F4ED51C2B1B9E0051FC21 /* Level.swift */ = {isa = PBXFileReference; fileEncoding = 4; lastKnownFileType = sourcecode.swift; path = Level.swift; sourceTree = "<group>"; };
		0443A2BB1C752E64004CB42C /* DictionaryViewController.swift */ = {isa = PBXFileReference; fileEncoding = 4; lastKnownFileType = sourcecode.swift; path = DictionaryViewController.swift; sourceTree = "<group>"; };
		0446F6CE1C3D4A52009A89DF /* en */ = {isa = PBXFileReference; lastKnownFileType = text.plist.strings; name = en; path = en.lproj/Localizable.strings; sourceTree = "<group>"; };
		0446F6D01C3D4A78009A89DF /* uk */ = {isa = PBXFileReference; lastKnownFileType = text.plist.strings; name = uk; path = uk.lproj/Localizable.strings; sourceTree = "<group>"; };
		0446F6D11C3D4BA7009A89DF /* SettingCell.swift */ = {isa = PBXFileReference; fileEncoding = 4; lastKnownFileType = sourcecode.swift; path = SettingCell.swift; sourceTree = "<group>"; };
		0456AE8C1CB46A6900A8FBE4 /* UserDefaultsManager.swift */ = {isa = PBXFileReference; fileEncoding = 4; lastKnownFileType = sourcecode.swift; path = UserDefaultsManager.swift; sourceTree = "<group>"; };
		046D27341CF1FA700006C5B8 /* ServerResponse.swift */ = {isa = PBXFileReference; fileEncoding = 4; lastKnownFileType = sourcecode.swift; path = ServerResponse.swift; sourceTree = "<group>"; };
		046E543D1C78F68C00308F60 /* DictionaryCell.swift */ = {isa = PBXFileReference; fileEncoding = 4; lastKnownFileType = sourcecode.swift; path = DictionaryCell.swift; sourceTree = "<group>"; };
		04711A051C67518B0096E78C /* GroupsViewController.swift */ = {isa = PBXFileReference; fileEncoding = 4; lastKnownFileType = sourcecode.swift; path = GroupsViewController.swift; sourceTree = "<group>"; };
		04711A071C67AA670096E78C /* GroupCell.swift */ = {isa = PBXFileReference; fileEncoding = 4; lastKnownFileType = sourcecode.swift; path = GroupCell.swift; sourceTree = "<group>"; };
		048348011C5E28B600C6EEAB /* HelpViewController.swift */ = {isa = PBXFileReference; fileEncoding = 4; lastKnownFileType = sourcecode.swift; path = HelpViewController.swift; sourceTree = "<group>"; };
		049BC1CE1CFEA1250081C2C6 /* data */ = {isa = PBXFileReference; lastKnownFileType = folder; name = data; path = ezlang/data; sourceTree = "<group>"; };
		049BC1D01CFEAF590081C2C6 /* Launch Screen.storyboard */ = {isa = PBXFileReference; fileEncoding = 4; lastKnownFileType = file.storyboard; path = "Launch Screen.storyboard"; sourceTree = "<group>"; };
		049EC8791C5D535600F4A580 /* UserProgressControl.swift */ = {isa = PBXFileReference; fileEncoding = 4; lastKnownFileType = sourcecode.swift; path = UserProgressControl.swift; sourceTree = "<group>"; };
		04A835F41CE0908A00CFC06A /* Assets.xcassets */ = {isa = PBXFileReference; lastKnownFileType = folder.assetcatalog; name = Assets.xcassets; path = ezlang/Assets.xcassets; sourceTree = "<group>"; };
		04BAFBC01CDAEE3C00FA89BB /* Base */ = {isa = PBXFileReference; lastKnownFileType = file.storyboard; name = Base; path = Base.lproj/Main.storyboard; sourceTree = "<group>"; };
		04BCC0891C3D13F5006F8ED5 /* futurearound_bold.ttf */ = {isa = PBXFileReference; lastKnownFileType = file; path = futurearound_bold.ttf; sourceTree = "<group>"; };
		04BCC08B1C3D181E006F8ED5 /* ButtonCell.swift */ = {isa = PBXFileReference; fileEncoding = 4; lastKnownFileType = sourcecode.swift; path = ButtonCell.swift; sourceTree = "<group>"; };
		04BCC08F1C3D235F006F8ED5 /* MainMenuController.swift */ = {isa = PBXFileReference; fileEncoding = 4; lastKnownFileType = sourcecode.swift; path = MainMenuController.swift; sourceTree = "<group>"; };
		04C3B6B01C669D5F00DD43CE /* FeedbackController.swift */ = {isa = PBXFileReference; fileEncoding = 4; lastKnownFileType = sourcecode.swift; path = FeedbackController.swift; sourceTree = "<group>"; };
		04EE75AC1CBBBAEE00D3E5F6 /* GameKit.framework */ = {isa = PBXFileReference; lastKnownFileType = wrapper.framework; name = GameKit.framework; path = System/Library/Frameworks/GameKit.framework; sourceTree = SDKROOT; };
		04F216451C45D8F3004B0EBE /* ProfileViewController.swift */ = {isa = PBXFileReference; fileEncoding = 4; lastKnownFileType = sourcecode.swift; path = ProfileViewController.swift; sourceTree = "<group>"; };
		04F216471C45DA4D004B0EBE /* UiExtensions.swift */ = {isa = PBXFileReference; fileEncoding = 4; lastKnownFileType = sourcecode.swift; path = UiExtensions.swift; sourceTree = "<group>"; };
		1A54F280E2E4EECE53E1E5CC /* Array2D.swift */ = {isa = PBXFileReference; fileEncoding = 4; lastKnownFileType = sourcecode.swift; path = Array2D.swift; sourceTree = "<group>"; };
		1A54F31528B18F41DB42C426 /* NetworkUtils.swift */ = {isa = PBXFileReference; fileEncoding = 4; lastKnownFileType = sourcecode.swift; path = NetworkUtils.swift; sourceTree = "<group>"; };
		1A54F3B5851251B21E86E094 /* Task.swift */ = {isa = PBXFileReference; fileEncoding = 4; lastKnownFileType = sourcecode.swift; path = Task.swift; sourceTree = "<group>"; };
		1A54F8E80D8FBB15FBA5277C /* Game.swift */ = {isa = PBXFileReference; fileEncoding = 4; lastKnownFileType = sourcecode.swift; path = Game.swift; sourceTree = "<group>"; };
		1A54F8F88FEBB557014D57D8 /* SpriteKitUtils.swift */ = {isa = PBXFileReference; fileEncoding = 4; lastKnownFileType = sourcecode.swift; path = SpriteKitUtils.swift; sourceTree = "<group>"; };
		1A54FAC9EE0337B3348E4CB0 /* RatingViewController.swift */ = {isa = PBXFileReference; fileEncoding = 4; lastKnownFileType = sourcecode.swift; path = RatingViewController.swift; sourceTree = "<group>"; };
		1A54FBC4D539D308171E4EFD /* RealmExtensions.swift */ = {isa = PBXFileReference; fileEncoding = 4; lastKnownFileType = sourcecode.swift; path = RealmExtensions.swift; sourceTree = "<group>"; };
		1A54FC7EBA9A3B1EB0159E97 /* Group.swift */ = {isa = PBXFileReference; fileEncoding = 4; lastKnownFileType = sourcecode.swift; path = Group.swift; sourceTree = "<group>"; };
		1A54FCB22BC791130CA41A84 /* User.swift */ = {isa = PBXFileReference; fileEncoding = 4; lastKnownFileType = sourcecode.swift; path = User.swift; sourceTree = "<group>"; };
		1A54FE1C0D5AB6E3A1CB2963 /* LetterNode.swift */ = {isa = PBXFileReference; fileEncoding = 4; lastKnownFileType = sourcecode.swift; path = LetterNode.swift; sourceTree = "<group>"; };
		1A54FE4AE57DEFFCE734C098 /* TaskFactory.swift */ = {isa = PBXFileReference; fileEncoding = 4; lastKnownFileType = sourcecode.swift; name = TaskFactory.swift; path = util/TaskFactory.swift; sourceTree = "<group>"; };
		1A54FE4CF95E15DB597C7CFD /* GameGrid.swift */ = {isa = PBXFileReference; fileEncoding = 4; lastKnownFileType = sourcecode.swift; path = GameGrid.swift; sourceTree = "<group>"; };
		28F3C6943799F4CF8D97E071 /* Pods-ezlang.debug.xcconfig */ = {isa = PBXFileReference; includeInIndex = 1; lastKnownFileType = text.xcconfig; name = "Pods-ezlang.debug.xcconfig"; path = "Pods/Target Support Files/Pods-ezlang/Pods-ezlang.debug.xcconfig"; sourceTree = "<group>"; };
		29BC231490220407103EEAEC /* Pods-ezlang.local.xcconfig */ = {isa = PBXFileReference; includeInIndex = 1; lastKnownFileType = text.xcconfig; name = "Pods-ezlang.local.xcconfig"; path = "Pods/Target Support Files/Pods-ezlang/Pods-ezlang.local.xcconfig"; sourceTree = "<group>"; };
		58558789FDEA5EDEF122EF02 /* Pods_ezlang.framework */ = {isa = PBXFileReference; explicitFileType = wrapper.framework; includeInIndex = 0; path = Pods_ezlang.framework; sourceTree = BUILT_PRODUCTS_DIR; };
		701BA73AAA8F5FE37EE2A883 /* Pods-ezlangTests.debug.xcconfig */ = {isa = PBXFileReference; includeInIndex = 1; lastKnownFileType = text.xcconfig; name = "Pods-ezlangTests.debug.xcconfig"; path = "Pods/Target Support Files/Pods-ezlangTests/Pods-ezlangTests.debug.xcconfig"; sourceTree = "<group>"; };
		7A21FC4D1BFE0EF30047BE1B /* ezlang.app */ = {isa = PBXFileReference; explicitFileType = wrapper.application; includeInIndex = 0; path = ezlang.app; sourceTree = BUILT_PRODUCTS_DIR; };
		7A21FC501BFE0EF30047BE1B /* AppDelegate.swift */ = {isa = PBXFileReference; lastKnownFileType = sourcecode.swift; path = AppDelegate.swift; sourceTree = "<group>"; };
		7A21FC5C1BFE0EF30047BE1B /* Info.plist */ = {isa = PBXFileReference; lastKnownFileType = text.plist.xml; path = Info.plist; sourceTree = "<group>"; };
		7A21FC611BFE0EF30047BE1B /* ezlangTests.xctest */ = {isa = PBXFileReference; explicitFileType = wrapper.cfbundle; includeInIndex = 0; path = ezlangTests.xctest; sourceTree = BUILT_PRODUCTS_DIR; };
		7A21FC651BFE0EF30047BE1B /* ezlangTests.swift */ = {isa = PBXFileReference; lastKnownFileType = sourcecode.swift; path = ezlangTests.swift; sourceTree = "<group>"; };
		7A21FC671BFE0EF30047BE1B /* Info.plist */ = {isa = PBXFileReference; lastKnownFileType = text.plist.xml; path = Info.plist; sourceTree = "<group>"; };
		7A21FC6C1BFE0EF30047BE1B /* ezlangUITests.xctest */ = {isa = PBXFileReference; explicitFileType = wrapper.cfbundle; includeInIndex = 0; path = ezlangUITests.xctest; sourceTree = BUILT_PRODUCTS_DIR; };
		7A21FC701BFE0EF30047BE1B /* ezlangUITests.swift */ = {isa = PBXFileReference; lastKnownFileType = sourcecode.swift; path = ezlangUITests.swift; sourceTree = "<group>"; };
		7A21FC721BFE0EF30047BE1B /* Info.plist */ = {isa = PBXFileReference; lastKnownFileType = text.plist.xml; path = Info.plist; sourceTree = "<group>"; };
		7ACC83D51C0619A500AF92C1 /* GameViewController.swift */ = {isa = PBXFileReference; fileEncoding = 4; lastKnownFileType = sourcecode.swift; path = GameViewController.swift; sourceTree = "<group>"; };
		7ACC83D71C061A2900AF92C1 /* GameScene.swift */ = {isa = PBXFileReference; fileEncoding = 4; lastKnownFileType = sourcecode.swift; path = GameScene.swift; sourceTree = "<group>"; };
		8AA68D8CCF97E36A860C1995 /* Pods-ezlang.release.xcconfig */ = {isa = PBXFileReference; includeInIndex = 1; lastKnownFileType = text.xcconfig; name = "Pods-ezlang.release.xcconfig"; path = "Pods/Target Support Files/Pods-ezlang/Pods-ezlang.release.xcconfig"; sourceTree = "<group>"; };
		917E16E222CB8FA7E8A532C8 /* Pods-ezlangUITests.debug.xcconfig */ = {isa = PBXFileReference; includeInIndex = 1; lastKnownFileType = text.xcconfig; name = "Pods-ezlangUITests.debug.xcconfig"; path = "Pods/Target Support Files/Pods-ezlangUITests/Pods-ezlangUITests.debug.xcconfig"; sourceTree = "<group>"; };
		95A8D3DAA712FA78307ACF00 /* Pods-ezlangTests.release.xcconfig */ = {isa = PBXFileReference; includeInIndex = 1; lastKnownFileType = text.xcconfig; name = "Pods-ezlangTests.release.xcconfig"; path = "Pods/Target Support Files/Pods-ezlangTests/Pods-ezlangTests.release.xcconfig"; sourceTree = "<group>"; };
		A08E04924BBA72692A31FDAF /* Pods-ezlangTests.local.xcconfig */ = {isa = PBXFileReference; includeInIndex = 1; lastKnownFileType = text.xcconfig; name = "Pods-ezlangTests.local.xcconfig"; path = "Pods/Target Support Files/Pods-ezlangTests/Pods-ezlangTests.local.xcconfig"; sourceTree = "<group>"; };
		A42971FB3B1572D11FA1CC0A /* Pods_ezlangTests.framework */ = {isa = PBXFileReference; explicitFileType = wrapper.framework; includeInIndex = 0; path = Pods_ezlangTests.framework; sourceTree = BUILT_PRODUCTS_DIR; };
		A59960CBB116A83FA9961138 /* Pods-ezlangUITests.server.xcconfig */ = {isa = PBXFileReference; includeInIndex = 1; lastKnownFileType = text.xcconfig; name = "Pods-ezlangUITests.server.xcconfig"; path = "Pods/Target Support Files/Pods-ezlangUITests/Pods-ezlangUITests.server.xcconfig"; sourceTree = "<group>"; };
		A849B6EEF81E25A9D1BA7DFB /* Pods-ezlang.server.xcconfig */ = {isa = PBXFileReference; includeInIndex = 1; lastKnownFileType = text.xcconfig; name = "Pods-ezlang.server.xcconfig"; path = "Pods/Target Support Files/Pods-ezlang/Pods-ezlang.server.xcconfig"; sourceTree = "<group>"; };
		C1240D8AB2ED2D5B72877EB7 /* Pods-ezlangTests.server.xcconfig */ = {isa = PBXFileReference; includeInIndex = 1; lastKnownFileType = text.xcconfig; name = "Pods-ezlangTests.server.xcconfig"; path = "Pods/Target Support Files/Pods-ezlangTests/Pods-ezlangTests.server.xcconfig"; sourceTree = "<group>"; };
		C693B151B4357899EBCBD1D5 /* Pods_ezlangUITests.framework */ = {isa = PBXFileReference; explicitFileType = wrapper.framework; includeInIndex = 0; path = Pods_ezlangUITests.framework; sourceTree = BUILT_PRODUCTS_DIR; };
		C714C6902F6D1BC1AB911A0E /* Pods-ezlangUITests.local.xcconfig */ = {isa = PBXFileReference; includeInIndex = 1; lastKnownFileType = text.xcconfig; name = "Pods-ezlangUITests.local.xcconfig"; path = "Pods/Target Support Files/Pods-ezlangUITests/Pods-ezlangUITests.local.xcconfig"; sourceTree = "<group>"; };
		F4FEE6688FB0D870F485B5C9 /* Pods-ezlangUITests.release.xcconfig */ = {isa = PBXFileReference; includeInIndex = 1; lastKnownFileType = text.xcconfig; name = "Pods-ezlangUITests.release.xcconfig"; path = "Pods/Target Support Files/Pods-ezlangUITests/Pods-ezlangUITests.release.xcconfig"; sourceTree = "<group>"; };
/* End PBXFileReference section */

/* Begin PBXFrameworksBuildPhase section */
		7A21FC4A1BFE0EF30047BE1B /* Frameworks */ = {
			isa = PBXFrameworksBuildPhase;
			buildActionMask = 2147483647;
			files = (
				04EE75AD1CBBBAEE00D3E5F6 /* GameKit.framework in Frameworks */,
				6B15D45244198469714B60C9 /* Pods_ezlang.framework in Frameworks */,
			);
			runOnlyForDeploymentPostprocessing = 0;
		};
		7A21FC5E1BFE0EF30047BE1B /* Frameworks */ = {
			isa = PBXFrameworksBuildPhase;
			buildActionMask = 2147483647;
			files = (
				480AF738F2BB84896DC9CAA5 /* Pods_ezlangTests.framework in Frameworks */,
			);
			runOnlyForDeploymentPostprocessing = 0;
		};
		7A21FC691BFE0EF30047BE1B /* Frameworks */ = {
			isa = PBXFrameworksBuildPhase;
			buildActionMask = 2147483647;
			files = (
				02F591804F8A82D0538D1A47 /* Pods_ezlangUITests.framework in Frameworks */,
			);
			runOnlyForDeploymentPostprocessing = 0;
		};
/* End PBXFrameworksBuildPhase section */

/* Begin PBXGroup section */
		042F4ED41C2B1B330051FC21 /* realm */ = {
			isa = PBXGroup;
			children = (
				042F4ED51C2B1B9E0051FC21 /* Level.swift */,
				1A54FC7EBA9A3B1EB0159E97 /* Group.swift */,
				1A54FCB22BC791130CA41A84 /* User.swift */,
			);
			name = realm;
			sourceTree = "<group>";
		};
		049706E11C333C4B00A43C56 /* utils */ = {
			isa = PBXGroup;
			children = (
				041C2CFC1C34A11400E179CF /* CommonExtensions.swift */,
				04F216471C45DA4D004B0EBE /* UiExtensions.swift */,
				042DBD211C7AE76200613943 /* Database.swift */,
				1A54F8F88FEBB557014D57D8 /* SpriteKitUtils.swift */,
				1A54FBC4D539D308171E4EFD /* RealmExtensions.swift */,
				1A54F31528B18F41DB42C426 /* NetworkUtils.swift */,
				0456AE8C1CB46A6900A8FBE4 /* UserDefaultsManager.swift */,
			);
			name = utils;
			sourceTree = "<group>";
		};
		04B5C2291C42F79D00FF1B4D /* scenes */ = {
			isa = PBXGroup;
			children = (
				1A54FC41DC1475040DB319E6 /* sprites */,
				7ACC83D71C061A2900AF92C1 /* GameScene.swift */,
			);
			name = scenes;
			sourceTree = "<group>";
		};
		04BCC0831C3D0B18006F8ED5 /* controllers */ = {
			isa = PBXGroup;
			children = (
				7ACC83D51C0619A500AF92C1 /* GameViewController.swift */,
				04BCC08F1C3D235F006F8ED5 /* MainMenuController.swift */,
				04F216451C45D8F3004B0EBE /* ProfileViewController.swift */,
				048348011C5E28B600C6EEAB /* HelpViewController.swift */,
				04C3B6B01C669D5F00DD43CE /* FeedbackController.swift */,
				04711A051C67518B0096E78C /* GroupsViewController.swift */,
				0443A2BB1C752E64004CB42C /* DictionaryViewController.swift */,
				1A54FAC9EE0337B3348E4CB0 /* RatingViewController.swift */,
				0410E0BA1CC1000700AC92E4 /* MenuSettingsController.swift */,
				0410E0BC1CC145A100AC92E4 /* MenuTypeModeController.swift */,
			);
			name = controllers;
			sourceTree = "<group>";
		};
		04BCC0881C3D13E4006F8ED5 /* resources */ = {
			isa = PBXGroup;
			children = (
				04BCC0891C3D13F5006F8ED5 /* futurearound_bold.ttf */,
			);
			name = resources;
			sourceTree = "<group>";
		};
		04BCC08E1C3D1837006F8ED5 /* views */ = {
			isa = PBXGroup;
			children = (
				04BCC08B1C3D181E006F8ED5 /* ButtonCell.swift */,
				0446F6D11C3D4BA7009A89DF /* SettingCell.swift */,
				04711A071C67AA670096E78C /* GroupCell.swift */,
				046E543D1C78F68C00308F60 /* DictionaryCell.swift */,
			);
			name = views;
			sourceTree = "<group>";
		};
		1A54F397F3C8A6227839B8DA /* models */ = {
			isa = PBXGroup;
			children = (
				1A54F8BB9AD3EFB7B7FEC375 /* util */,
				042F4ED41C2B1B330051FC21 /* realm */,
				1A54FE4CF95E15DB597C7CFD /* GameGrid.swift */,
				1A54FE4AE57DEFFCE734C098 /* TaskFactory.swift */,
				1A54F4F175046EE0F38ACDFA /* game */,
				046D27341CF1FA700006C5B8 /* ServerResponse.swift */,
			);
			path = models;
			sourceTree = "<group>";
		};
		1A54F4F175046EE0F38ACDFA /* game */ = {
			isa = PBXGroup;
			children = (
				1A54F8E80D8FBB15FBA5277C /* Game.swift */,
				1A54F3B5851251B21E86E094 /* Task.swift */,
			);
			path = game;
			sourceTree = "<group>";
		};
		1A54F8BB9AD3EFB7B7FEC375 /* util */ = {
			isa = PBXGroup;
			children = (
				1A54F280E2E4EECE53E1E5CC /* Array2D.swift */,
			);
			path = util;
			sourceTree = "<group>";
		};
		1A54FC41DC1475040DB319E6 /* sprites */ = {
			isa = PBXGroup;
			children = (
				1A54FE1C0D5AB6E3A1CB2963 /* LetterNode.swift */,
			);
			name = sprites;
			path = models/sprites;
			sourceTree = "<group>";
		};
		51B7AE574329AC5148133F29 /* Pods */ = {
			isa = PBXGroup;
			children = (
				28F3C6943799F4CF8D97E071 /* Pods-ezlang.debug.xcconfig */,
				A849B6EEF81E25A9D1BA7DFB /* Pods-ezlang.server.xcconfig */,
				29BC231490220407103EEAEC /* Pods-ezlang.local.xcconfig */,
				8AA68D8CCF97E36A860C1995 /* Pods-ezlang.release.xcconfig */,
				701BA73AAA8F5FE37EE2A883 /* Pods-ezlangTests.debug.xcconfig */,
				C1240D8AB2ED2D5B72877EB7 /* Pods-ezlangTests.server.xcconfig */,
				A08E04924BBA72692A31FDAF /* Pods-ezlangTests.local.xcconfig */,
				95A8D3DAA712FA78307ACF00 /* Pods-ezlangTests.release.xcconfig */,
				917E16E222CB8FA7E8A532C8 /* Pods-ezlangUITests.debug.xcconfig */,
				A59960CBB116A83FA9961138 /* Pods-ezlangUITests.server.xcconfig */,
				C714C6902F6D1BC1AB911A0E /* Pods-ezlangUITests.local.xcconfig */,
				F4FEE6688FB0D870F485B5C9 /* Pods-ezlangUITests.release.xcconfig */,
			);
			name = Pods;
			sourceTree = "<group>";
		};
		7A21FC441BFE0EF30047BE1B = {
			isa = PBXGroup;
			children = (
				049BC1CE1CFEA1250081C2C6 /* data */,
				0446F6CF1C3D4A52009A89DF /* Localizable.strings */,
				04A835F41CE0908A00CFC06A /* Assets.xcassets */,
				7A21FC4F1BFE0EF30047BE1B /* ezlang */,
				7A21FC641BFE0EF30047BE1B /* ezlangTests */,
				7A21FC6F1BFE0EF30047BE1B /* ezlangUITests */,
				7A21FC4E1BFE0EF30047BE1B /* Products */,
				BDE3F88F5670857FAB193AEF /* Frameworks */,
				51B7AE574329AC5148133F29 /* Pods */,
			);
			sourceTree = "<group>";
		};
		7A21FC4E1BFE0EF30047BE1B /* Products */ = {
			isa = PBXGroup;
			children = (
				7A21FC4D1BFE0EF30047BE1B /* ezlang.app */,
				7A21FC611BFE0EF30047BE1B /* ezlangTests.xctest */,
				7A21FC6C1BFE0EF30047BE1B /* ezlangUITests.xctest */,
			);
			name = Products;
			sourceTree = "<group>";
		};
		7A21FC4F1BFE0EF30047BE1B /* ezlang */ = {
			isa = PBXGroup;
			children = (
				049BC1D01CFEAF590081C2C6 /* Launch Screen.storyboard */,
				04BAFBBF1CDAEE3C00FA89BB /* Main.storyboard */,
				04B5C2291C42F79D00FF1B4D /* scenes */,
				04BCC0881C3D13E4006F8ED5 /* resources */,
				04BCC0831C3D0B18006F8ED5 /* controllers */,
				049706E11C333C4B00A43C56 /* utils */,
				7A21FC5C1BFE0EF30047BE1B /* Info.plist */,
				1A54F397F3C8A6227839B8DA /* models */,
				04BCC08E1C3D1837006F8ED5 /* views */,
				7A21FC501BFE0EF30047BE1B /* AppDelegate.swift */,
				049EC8791C5D535600F4A580 /* UserProgressControl.swift */,
				0410E0B81CBEDDF500AC92E4 /* EasyLangAPI.swift */,
			);
			path = ezlang;
			sourceTree = "<group>";
		};
		7A21FC641BFE0EF30047BE1B /* ezlangTests */ = {
			isa = PBXGroup;
			children = (
				7A21FC651BFE0EF30047BE1B /* ezlangTests.swift */,
				7A21FC671BFE0EF30047BE1B /* Info.plist */,
			);
			path = ezlangTests;
			sourceTree = "<group>";
		};
		7A21FC6F1BFE0EF30047BE1B /* ezlangUITests */ = {
			isa = PBXGroup;
			children = (
				7A21FC701BFE0EF30047BE1B /* ezlangUITests.swift */,
				7A21FC721BFE0EF30047BE1B /* Info.plist */,
			);
			path = ezlangUITests;
			sourceTree = "<group>";
		};
		BDE3F88F5670857FAB193AEF /* Frameworks */ = {
			isa = PBXGroup;
			children = (
				04EE75AC1CBBBAEE00D3E5F6 /* GameKit.framework */,
				0428BA5E1C2B1F0800BA5AD9 /* Realm.framework */,
				0428BA5C1C2B1EE500BA5AD9 /* RealmSwift.framework */,
				58558789FDEA5EDEF122EF02 /* Pods_ezlang.framework */,
				A42971FB3B1572D11FA1CC0A /* Pods_ezlangTests.framework */,
				C693B151B4357899EBCBD1D5 /* Pods_ezlangUITests.framework */,
			);
			name = Frameworks;
			sourceTree = "<group>";
		};
/* End PBXGroup section */

/* Begin PBXNativeTarget section */
		7A21FC4C1BFE0EF30047BE1B /* ezlang */ = {
			isa = PBXNativeTarget;
			buildConfigurationList = 7A21FC751BFE0EF30047BE1B /* Build configuration list for PBXNativeTarget "ezlang" */;
			buildPhases = (
				3716F4BBD8A439569C5B1852 /* 📦 Check Pods Manifest.lock */,
				7A21FC491BFE0EF30047BE1B /* Sources */,
				7A21FC4A1BFE0EF30047BE1B /* Frameworks */,
				7A21FC4B1BFE0EF30047BE1B /* Resources */,
				62372A40C2DAB814B1A9CF2C /* 📦 Embed Pods Frameworks */,
				2AEFD1DD85EB9032F4A3D016 /* 📦 Copy Pods Resources */,
				4873A7F4A8F027F74B80A5B3 /* Embed Pods Frameworks */,
			);
			buildRules = (
			);
			dependencies = (
			);
			name = ezlang;
			productName = ezlang;
			productReference = 7A21FC4D1BFE0EF30047BE1B /* ezlang.app */;
			productType = "com.apple.product-type.application";
		};
		7A21FC601BFE0EF30047BE1B /* ezlangTests */ = {
			isa = PBXNativeTarget;
			buildConfigurationList = 7A21FC781BFE0EF30047BE1B /* Build configuration list for PBXNativeTarget "ezlangTests" */;
			buildPhases = (
				5EA5E55A09849BF45D091E11 /* 📦 Check Pods Manifest.lock */,
				7A21FC5D1BFE0EF30047BE1B /* Sources */,
				7A21FC5E1BFE0EF30047BE1B /* Frameworks */,
				7A21FC5F1BFE0EF30047BE1B /* Resources */,
				3BD1EB7A8C7CF8F17D2A5FF6 /* 📦 Embed Pods Frameworks */,
				1B43C407B2708C6B35EE971B /* 📦 Copy Pods Resources */,
				55C886BF37EC41D18D933A7C /* Embed Pods Frameworks */,
			);
			buildRules = (
			);
			dependencies = (
				7A21FC631BFE0EF30047BE1B /* PBXTargetDependency */,
			);
			name = ezlangTests;
			productName = ezlangTests;
			productReference = 7A21FC611BFE0EF30047BE1B /* ezlangTests.xctest */;
			productType = "com.apple.product-type.bundle.unit-test";
		};
		7A21FC6B1BFE0EF30047BE1B /* ezlangUITests */ = {
			isa = PBXNativeTarget;
			buildConfigurationList = 7A21FC7B1BFE0EF30047BE1B /* Build configuration list for PBXNativeTarget "ezlangUITests" */;
			buildPhases = (
				D6D55D25FEEB864B7FBF299C /* 📦 Check Pods Manifest.lock */,
				7A21FC681BFE0EF30047BE1B /* Sources */,
				7A21FC691BFE0EF30047BE1B /* Frameworks */,
				7A21FC6A1BFE0EF30047BE1B /* Resources */,
				3973AF56DBB19898518DD8C5 /* 📦 Copy Pods Resources */,
			);
			buildRules = (
			);
			dependencies = (
				7A21FC6E1BFE0EF30047BE1B /* PBXTargetDependency */,
			);
			name = ezlangUITests;
			productName = ezlangUITests;
			productReference = 7A21FC6C1BFE0EF30047BE1B /* ezlangUITests.xctest */;
			productType = "com.apple.product-type.bundle.ui-testing";
		};
/* End PBXNativeTarget section */

/* Begin PBXProject section */
		7A21FC451BFE0EF30047BE1B /* Project object */ = {
			isa = PBXProject;
			attributes = {
				LastSwiftUpdateCheck = 0720;
				LastUpgradeCheck = 0700;
				ORGANIZATIONNAME = 5wheels;
				TargetAttributes = {
					7A21FC4C1BFE0EF30047BE1B = {
						CreatedOnToolsVersion = 7.0.1;
						DevelopmentTeam = UA7KX4885E;
						SystemCapabilities = {
							com.apple.GameCenter = {
								enabled = 1;
							};
						};
					};
					7A21FC601BFE0EF30047BE1B = {
						CreatedOnToolsVersion = 7.0.1;
						TestTargetID = 7A21FC4C1BFE0EF30047BE1B;
					};
					7A21FC6B1BFE0EF30047BE1B = {
						CreatedOnToolsVersion = 7.0.1;
						TestTargetID = 7A21FC4C1BFE0EF30047BE1B;
					};
				};
			};
			buildConfigurationList = 7A21FC481BFE0EF30047BE1B /* Build configuration list for PBXProject "ezlang" */;
			compatibilityVersion = "Xcode 3.2";
			developmentRegion = English;
			hasScannedForEncodings = 0;
			knownRegions = (
				en,
				Base,
				uk,
			);
			mainGroup = 7A21FC441BFE0EF30047BE1B;
			productRefGroup = 7A21FC4E1BFE0EF30047BE1B /* Products */;
			projectDirPath = "";
			projectReferences = (
			);
			projectRoot = "";
			targets = (
				7A21FC4C1BFE0EF30047BE1B /* ezlang */,
				7A21FC601BFE0EF30047BE1B /* ezlangTests */,
				7A21FC6B1BFE0EF30047BE1B /* ezlangUITests */,
			);
		};
/* End PBXProject section */

/* Begin PBXResourcesBuildPhase section */
		7A21FC4B1BFE0EF30047BE1B /* Resources */ = {
			isa = PBXResourcesBuildPhase;
			buildActionMask = 2147483647;
			files = (
				049BC1D11CFEAF590081C2C6 /* Launch Screen.storyboard in Resources */,
				04BCC08A1C3D13F5006F8ED5 /* futurearound_bold.ttf in Resources */,
				0446F6CD1C3D4A52009A89DF /* Localizable.strings in Resources */,
				04A835F51CE0908A00CFC06A /* Assets.xcassets in Resources */,
				04BAFBC11CDAEE3C00FA89BB /* Main.storyboard in Resources */,
				049BC1CF1CFEA1250081C2C6 /* data in Resources */,
			);
			runOnlyForDeploymentPostprocessing = 0;
		};
		7A21FC5F1BFE0EF30047BE1B /* Resources */ = {
			isa = PBXResourcesBuildPhase;
			buildActionMask = 2147483647;
			files = (
			);
			runOnlyForDeploymentPostprocessing = 0;
		};
		7A21FC6A1BFE0EF30047BE1B /* Resources */ = {
			isa = PBXResourcesBuildPhase;
			buildActionMask = 2147483647;
			files = (
			);
			runOnlyForDeploymentPostprocessing = 0;
		};
/* End PBXResourcesBuildPhase section */

/* Begin PBXShellScriptBuildPhase section */
		1B43C407B2708C6B35EE971B /* 📦 Copy Pods Resources */ = {
			isa = PBXShellScriptBuildPhase;
			buildActionMask = 2147483647;
			files = (
			);
			inputPaths = (
			);
			name = "📦 Copy Pods Resources";
			outputPaths = (
			);
			runOnlyForDeploymentPostprocessing = 0;
			shellPath = /bin/sh;
			shellScript = "\"${SRCROOT}/Pods/Target Support Files/Pods-ezlangTests/Pods-ezlangTests-resources.sh\"\n";
			showEnvVarsInLog = 0;
		};
		2AEFD1DD85EB9032F4A3D016 /* 📦 Copy Pods Resources */ = {
			isa = PBXShellScriptBuildPhase;
			buildActionMask = 2147483647;
			files = (
			);
			inputPaths = (
			);
			name = "📦 Copy Pods Resources";
			outputPaths = (
			);
			runOnlyForDeploymentPostprocessing = 0;
			shellPath = /bin/sh;
			shellScript = "\"${SRCROOT}/Pods/Target Support Files/Pods-ezlang/Pods-ezlang-resources.sh\"\n";
			showEnvVarsInLog = 0;
		};
		3716F4BBD8A439569C5B1852 /* 📦 Check Pods Manifest.lock */ = {
			isa = PBXShellScriptBuildPhase;
			buildActionMask = 2147483647;
			files = (
			);
			inputPaths = (
			);
			name = "📦 Check Pods Manifest.lock";
			outputPaths = (
			);
			runOnlyForDeploymentPostprocessing = 0;
			shellPath = /bin/sh;
			shellScript = "diff \"${PODS_ROOT}/../Podfile.lock\" \"${PODS_ROOT}/Manifest.lock\" > /dev/null\nif [[ $? != 0 ]] ; then\n    cat << EOM\nerror: The sandbox is not in sync with the Podfile.lock. Run 'pod install' or update your CocoaPods installation.\nEOM\n    exit 1\nfi\n";
			showEnvVarsInLog = 0;
		};
		3973AF56DBB19898518DD8C5 /* 📦 Copy Pods Resources */ = {
			isa = PBXShellScriptBuildPhase;
			buildActionMask = 2147483647;
			files = (
			);
			inputPaths = (
			);
			name = "📦 Copy Pods Resources";
			outputPaths = (
			);
			runOnlyForDeploymentPostprocessing = 0;
			shellPath = /bin/sh;
			shellScript = "\"${SRCROOT}/Pods/Target Support Files/Pods-ezlangUITests/Pods-ezlangUITests-resources.sh\"\n";
			showEnvVarsInLog = 0;
		};
		3BD1EB7A8C7CF8F17D2A5FF6 /* 📦 Embed Pods Frameworks */ = {
			isa = PBXShellScriptBuildPhase;
			buildActionMask = 2147483647;
			files = (
			);
			inputPaths = (
			);
			name = "📦 Embed Pods Frameworks";
			outputPaths = (
			);
			runOnlyForDeploymentPostprocessing = 0;
			shellPath = /bin/sh;
			shellScript = "\"${SRCROOT}/Pods/Target Support Files/Pods-ezlangTests/Pods-ezlangTests-frameworks.sh\"\n";
			showEnvVarsInLog = 0;
		};
		4873A7F4A8F027F74B80A5B3 /* Embed Pods Frameworks */ = {
			isa = PBXShellScriptBuildPhase;
			buildActionMask = 2147483647;
			files = (
			);
			inputPaths = (
			);
			name = "Embed Pods Frameworks";
			outputPaths = (
			);
			runOnlyForDeploymentPostprocessing = 0;
			shellPath = /bin/sh;
			shellScript = "\"${SRCROOT}/Pods/Target Support Files/Pods-ezlang/Pods-ezlang-frameworks.sh\"\n";
			showEnvVarsInLog = 0;
		};
		55C886BF37EC41D18D933A7C /* Embed Pods Frameworks */ = {
			isa = PBXShellScriptBuildPhase;
			buildActionMask = 2147483647;
			files = (
			);
			inputPaths = (
			);
			name = "Embed Pods Frameworks";
			outputPaths = (
			);
			runOnlyForDeploymentPostprocessing = 0;
			shellPath = /bin/sh;
			shellScript = "\"${SRCROOT}/Pods/Target Support Files/Pods-ezlangTests/Pods-ezlangTests-frameworks.sh\"\n";
			showEnvVarsInLog = 0;
		};
		5EA5E55A09849BF45D091E11 /* 📦 Check Pods Manifest.lock */ = {
			isa = PBXShellScriptBuildPhase;
			buildActionMask = 2147483647;
			files = (
			);
			inputPaths = (
			);
			name = "📦 Check Pods Manifest.lock";
			outputPaths = (
			);
			runOnlyForDeploymentPostprocessing = 0;
			shellPath = /bin/sh;
			shellScript = "diff \"${PODS_ROOT}/../Podfile.lock\" \"${PODS_ROOT}/Manifest.lock\" > /dev/null\nif [[ $? != 0 ]] ; then\n    cat << EOM\nerror: The sandbox is not in sync with the Podfile.lock. Run 'pod install' or update your CocoaPods installation.\nEOM\n    exit 1\nfi\n";
			showEnvVarsInLog = 0;
		};
		62372A40C2DAB814B1A9CF2C /* 📦 Embed Pods Frameworks */ = {
			isa = PBXShellScriptBuildPhase;
			buildActionMask = 2147483647;
			files = (
			);
			inputPaths = (
			);
			name = "📦 Embed Pods Frameworks";
			outputPaths = (
			);
			runOnlyForDeploymentPostprocessing = 0;
			shellPath = /bin/sh;
			shellScript = "\"${SRCROOT}/Pods/Target Support Files/Pods-ezlang/Pods-ezlang-frameworks.sh\"\n";
			showEnvVarsInLog = 0;
		};
		D6D55D25FEEB864B7FBF299C /* 📦 Check Pods Manifest.lock */ = {
			isa = PBXShellScriptBuildPhase;
			buildActionMask = 2147483647;
			files = (
			);
			inputPaths = (
			);
			name = "📦 Check Pods Manifest.lock";
			outputPaths = (
			);
			runOnlyForDeploymentPostprocessing = 0;
			shellPath = /bin/sh;
			shellScript = "diff \"${PODS_ROOT}/../Podfile.lock\" \"${PODS_ROOT}/Manifest.lock\" > /dev/null\nif [[ $? != 0 ]] ; then\n    cat << EOM\nerror: The sandbox is not in sync with the Podfile.lock. Run 'pod install' or update your CocoaPods installation.\nEOM\n    exit 1\nfi\n";
			showEnvVarsInLog = 0;
		};
/* End PBXShellScriptBuildPhase section */

/* Begin PBXSourcesBuildPhase section */
		7A21FC491BFE0EF30047BE1B /* Sources */ = {
			isa = PBXSourcesBuildPhase;
			buildActionMask = 2147483647;
			files = (
				04711A081C67AA670096E78C /* GroupCell.swift in Sources */,
				041C2CFD1C34A11400E179CF /* CommonExtensions.swift in Sources */,
				0456AE8D1CB46A6900A8FBE4 /* UserDefaultsManager.swift in Sources */,
				7A21FC511BFE0EF30047BE1B /* AppDelegate.swift in Sources */,
				046D27351CF1FA700006C5B8 /* ServerResponse.swift in Sources */,
				042F4ED61C2B1B9E0051FC21 /* Level.swift in Sources */,
				0410E0B91CBEDDF500AC92E4 /* EasyLangAPI.swift in Sources */,
				046E543E1C78F68C00308F60 /* DictionaryCell.swift in Sources */,
				0443A2BC1C752E64004CB42C /* DictionaryViewController.swift in Sources */,
				7ACC83D61C0619A500AF92C1 /* GameViewController.swift in Sources */,
				04C3B6B11C669D5F00DD43CE /* FeedbackController.swift in Sources */,
				7ACC83D81C061A2900AF92C1 /* GameScene.swift in Sources */,
				04BCC0901C3D235F006F8ED5 /* MainMenuController.swift in Sources */,
				04F216461C45D8F3004B0EBE /* ProfileViewController.swift in Sources */,
				0410E0BD1CC145A100AC92E4 /* MenuTypeModeController.swift in Sources */,
				1A54FD3038339112B774E377 /* Group.swift in Sources */,
				1A54F6DF9C5926B3D3DFC0E7 /* LetterNode.swift in Sources */,
				04F216481C45DA4D004B0EBE /* UiExtensions.swift in Sources */,
				0446F6D21C3D4BA7009A89DF /* SettingCell.swift in Sources */,
				04711A061C67518B0096E78C /* GroupsViewController.swift in Sources */,
				048348021C5E28B600C6EEAB /* HelpViewController.swift in Sources */,
				04BCC08C1C3D181E006F8ED5 /* ButtonCell.swift in Sources */,
				049EC87A1C5D535600F4A580 /* UserProgressControl.swift in Sources */,
				1A54F1C890313764BDB001E0 /* Array2D.swift in Sources */,
				042DBD221C7AE76200613943 /* Database.swift in Sources */,
				1A54F8E936A793C10E7473EB /* User.swift in Sources */,
				1A54F9049C2B82EB969B493A /* GameGrid.swift in Sources */,
				1A54F43AB6CCC81E965B692E /* TaskFactory.swift in Sources */,
				1A54F7522B91607BF0B4610B /* Game.swift in Sources */,
				0410E0BB1CC1000700AC92E4 /* MenuSettingsController.swift in Sources */,
				1A54F9DF93387B2F2801B029 /* Task.swift in Sources */,
				1A54F1DBEF00207CD9872E87 /* SpriteKitUtils.swift in Sources */,
				1A54F59189AB6D1ADF91CCD6 /* RealmExtensions.swift in Sources */,
				1A54F73FCB4BDE420504C243 /* NetworkUtils.swift in Sources */,
				1A54FEA8B3807CDA77476CAA /* RatingViewController.swift in Sources */,
			);
			runOnlyForDeploymentPostprocessing = 0;
		};
		7A21FC5D1BFE0EF30047BE1B /* Sources */ = {
			isa = PBXSourcesBuildPhase;
			buildActionMask = 2147483647;
			files = (
				7A21FC661BFE0EF30047BE1B /* ezlangTests.swift in Sources */,
			);
			runOnlyForDeploymentPostprocessing = 0;
		};
		7A21FC681BFE0EF30047BE1B /* Sources */ = {
			isa = PBXSourcesBuildPhase;
			buildActionMask = 2147483647;
			files = (
				7A21FC711BFE0EF30047BE1B /* ezlangUITests.swift in Sources */,
			);
			runOnlyForDeploymentPostprocessing = 0;
		};
/* End PBXSourcesBuildPhase section */

/* Begin PBXTargetDependency section */
		7A21FC631BFE0EF30047BE1B /* PBXTargetDependency */ = {
			isa = PBXTargetDependency;
			target = 7A21FC4C1BFE0EF30047BE1B /* ezlang */;
			targetProxy = 7A21FC621BFE0EF30047BE1B /* PBXContainerItemProxy */;
		};
		7A21FC6E1BFE0EF30047BE1B /* PBXTargetDependency */ = {
			isa = PBXTargetDependency;
			target = 7A21FC4C1BFE0EF30047BE1B /* ezlang */;
			targetProxy = 7A21FC6D1BFE0EF30047BE1B /* PBXContainerItemProxy */;
		};
/* End PBXTargetDependency section */

/* Begin PBXVariantGroup section */
		0446F6CF1C3D4A52009A89DF /* Localizable.strings */ = {
			isa = PBXVariantGroup;
			children = (
				0446F6CE1C3D4A52009A89DF /* en */,
				0446F6D01C3D4A78009A89DF /* uk */,
			);
			name = Localizable.strings;
			sourceTree = "<group>";
		};
		04BAFBBF1CDAEE3C00FA89BB /* Main.storyboard */ = {
			isa = PBXVariantGroup;
			children = (
				04BAFBC01CDAEE3C00FA89BB /* Base */,
			);
			name = Main.storyboard;
			sourceTree = "<group>";
		};
/* End PBXVariantGroup section */

/* Begin XCBuildConfiguration section */
		04A835EB1CDFCED300CFC06A /* Local */ = {
			isa = XCBuildConfiguration;
			buildSettings = {
				ALWAYS_SEARCH_USER_PATHS = NO;
				CLANG_CXX_LANGUAGE_STANDARD = "gnu++0x";
				CLANG_CXX_LIBRARY = "libc++";
				CLANG_ENABLE_MODULES = YES;
				CLANG_ENABLE_OBJC_ARC = YES;
				CLANG_WARN_BOOL_CONVERSION = YES;
				CLANG_WARN_CONSTANT_CONVERSION = YES;
				CLANG_WARN_DIRECT_OBJC_ISA_USAGE = YES_ERROR;
				CLANG_WARN_EMPTY_BODY = YES;
				CLANG_WARN_ENUM_CONVERSION = YES;
				CLANG_WARN_INT_CONVERSION = YES;
				CLANG_WARN_OBJC_ROOT_CLASS = YES_ERROR;
				CLANG_WARN_UNREACHABLE_CODE = YES;
				CLANG_WARN__DUPLICATE_METHOD_MATCH = YES;
				CODE_SIGN_IDENTITY = "iPhone Developer: Andrew Puhach (GWYT5WVV6M)";
				"CODE_SIGN_IDENTITY[sdk=iphoneos*]" = "iPhone Developer: Andrew Puhach (GWYT5WVV6M)";
				COPY_PHASE_STRIP = NO;
				DEBUG_INFORMATION_FORMAT = dwarf;
				ENABLE_STRICT_OBJC_MSGSEND = YES;
				ENABLE_TESTABILITY = YES;
				GCC_C_LANGUAGE_STANDARD = gnu99;
				GCC_DYNAMIC_NO_PIC = NO;
				GCC_NO_COMMON_BLOCKS = YES;
				GCC_OPTIMIZATION_LEVEL = 0;
				GCC_PREPROCESSOR_DEFINITIONS = (
					"DEBUG=1",
					"$(inherited)",
					"LOCAL=1",
				);
				GCC_WARN_64_TO_32_BIT_CONVERSION = YES;
				GCC_WARN_ABOUT_RETURN_TYPE = YES_ERROR;
				GCC_WARN_UNDECLARED_SELECTOR = YES;
				GCC_WARN_UNINITIALIZED_AUTOS = YES_AGGRESSIVE;
				GCC_WARN_UNUSED_FUNCTION = YES;
				GCC_WARN_UNUSED_VARIABLE = YES;
				IPHONEOS_DEPLOYMENT_TARGET = 9.0;
				MTL_ENABLE_DEBUG_INFO = YES;
				ONLY_ACTIVE_ARCH = YES;
				PROVISIONING_PROFILE = "";
				SDKROOT = iphoneos;
				SWIFT_OPTIMIZATION_LEVEL = "-Onone";
				TARGETED_DEVICE_FAMILY = "1,2";
				VALIDATE_PRODUCT = YES;
			};
			name = Local;
		};
		04A835EC1CDFCED300CFC06A /* Local */ = {
			isa = XCBuildConfiguration;
			baseConfigurationReference = 29BC231490220407103EEAEC /* Pods-ezlang.local.xcconfig */;
			buildSettings = {
				ASSETCATALOG_COMPILER_APPICON_NAME = AppIcon;
				CLANG_ENABLE_MODULES = YES;
				CODE_SIGN_IDENTITY = "iPhone Developer";
				"CODE_SIGN_IDENTITY[sdk=iphoneos*]" = "iPhone Developer";
				FRAMEWORK_SEARCH_PATHS = (
					"$(inherited)",
					"$(PROJECT_DIR)/build/Debug-iphoneos",
				);
				INFOPLIST_FILE = ezlang/Info.plist;
				LD_RUNPATH_SEARCH_PATHS = "$(inherited) @executable_path/Frameworks";
				PRODUCT_BUNDLE_IDENTIFIER = com.5wheels.ezlang;
				PRODUCT_NAME = "$(TARGET_NAME)";
				PROVISIONING_PROFILE = "";
				SWIFT_OBJC_BRIDGING_HEADER = "ezlang/models/ezlang-Bridging-Header.h";
				SWIFT_OPTIMIZATION_LEVEL = "-Onone";
			};
			name = Local;
		};
		04A835ED1CDFCED300CFC06A /* Local */ = {
			isa = XCBuildConfiguration;
			baseConfigurationReference = A08E04924BBA72692A31FDAF /* Pods-ezlangTests.local.xcconfig */;
			buildSettings = {
				BUNDLE_LOADER = "$(TEST_HOST)";
				INFOPLIST_FILE = ezlangTests/Info.plist;
				LD_RUNPATH_SEARCH_PATHS = "$(inherited) @executable_path/Frameworks @loader_path/Frameworks";
				PRODUCT_BUNDLE_IDENTIFIER = com.5wheels.ezlangTests;
				PRODUCT_NAME = "$(TARGET_NAME)";
				TEST_HOST = "$(BUILT_PRODUCTS_DIR)/ezlang.app/ezlang";
			};
			name = Local;
		};
		04A835EE1CDFCED300CFC06A /* Local */ = {
			isa = XCBuildConfiguration;
			baseConfigurationReference = C714C6902F6D1BC1AB911A0E /* Pods-ezlangUITests.local.xcconfig */;
			buildSettings = {
				INFOPLIST_FILE = ezlangUITests/Info.plist;
				LD_RUNPATH_SEARCH_PATHS = "$(inherited) @executable_path/Frameworks @loader_path/Frameworks";
				PRODUCT_BUNDLE_IDENTIFIER = com.5wheels.ezlangUITests;
				PRODUCT_NAME = "$(TARGET_NAME)";
				TEST_TARGET_NAME = ezlang;
				USES_XCTRUNNER = YES;
			};
			name = Local;
		};
		04A835EF1CDFCEF200CFC06A /* Server */ = {
			isa = XCBuildConfiguration;
			buildSettings = {
				ALWAYS_SEARCH_USER_PATHS = NO;
				CLANG_CXX_LANGUAGE_STANDARD = "gnu++0x";
				CLANG_CXX_LIBRARY = "libc++";
				CLANG_ENABLE_MODULES = YES;
				CLANG_ENABLE_OBJC_ARC = YES;
				CLANG_WARN_BOOL_CONVERSION = YES;
				CLANG_WARN_CONSTANT_CONVERSION = YES;
				CLANG_WARN_DIRECT_OBJC_ISA_USAGE = YES_ERROR;
				CLANG_WARN_EMPTY_BODY = YES;
				CLANG_WARN_ENUM_CONVERSION = YES;
				CLANG_WARN_INT_CONVERSION = YES;
				CLANG_WARN_OBJC_ROOT_CLASS = YES_ERROR;
				CLANG_WARN_UNREACHABLE_CODE = YES;
				CLANG_WARN__DUPLICATE_METHOD_MATCH = YES;
				CODE_SIGN_IDENTITY = "iPhone Developer: Andrew Puhach (GWYT5WVV6M)";
				"CODE_SIGN_IDENTITY[sdk=iphoneos*]" = "iPhone Developer: Andrew Puhach (GWYT5WVV6M)";
				COPY_PHASE_STRIP = NO;
				DEBUG_INFORMATION_FORMAT = dwarf;
				ENABLE_STRICT_OBJC_MSGSEND = YES;
				ENABLE_TESTABILITY = YES;
				GCC_C_LANGUAGE_STANDARD = gnu99;
				GCC_DYNAMIC_NO_PIC = NO;
				GCC_NO_COMMON_BLOCKS = YES;
				GCC_OPTIMIZATION_LEVEL = 0;
				GCC_PREPROCESSOR_DEFINITIONS = (
					"DEBUG=1",
					"$(inherited)",
				);
				GCC_WARN_64_TO_32_BIT_CONVERSION = YES;
				GCC_WARN_ABOUT_RETURN_TYPE = YES_ERROR;
				GCC_WARN_UNDECLARED_SELECTOR = YES;
				GCC_WARN_UNINITIALIZED_AUTOS = YES_AGGRESSIVE;
				GCC_WARN_UNUSED_FUNCTION = YES;
				GCC_WARN_UNUSED_VARIABLE = YES;
				IPHONEOS_DEPLOYMENT_TARGET = 9.0;
				MTL_ENABLE_DEBUG_INFO = YES;
				ONLY_ACTIVE_ARCH = YES;
				PROVISIONING_PROFILE = "";
				SDKROOT = iphoneos;
				SWIFT_OPTIMIZATION_LEVEL = "-Onone";
				TARGETED_DEVICE_FAMILY = "1,2";
				VALIDATE_PRODUCT = YES;
			};
			name = Server;
		};
		04A835F01CDFCEF200CFC06A /* Server */ = {
			isa = XCBuildConfiguration;
			baseConfigurationReference = A849B6EEF81E25A9D1BA7DFB /* Pods-ezlang.server.xcconfig */;
			buildSettings = {
				ASSETCATALOG_COMPILER_APPICON_NAME = AppIcon;
				CLANG_ENABLE_MODULES = YES;
				CODE_SIGN_IDENTITY = "iPhone Developer";
				"CODE_SIGN_IDENTITY[sdk=iphoneos*]" = "iPhone Developer";
				FRAMEWORK_SEARCH_PATHS = (
					"$(inherited)",
					"$(PROJECT_DIR)/build/Debug-iphoneos",
				);
				INFOPLIST_FILE = ezlang/Info.plist;
				LD_RUNPATH_SEARCH_PATHS = "$(inherited) @executable_path/Frameworks";
				PRODUCT_BUNDLE_IDENTIFIER = com.5wheels.ezlang;
				PRODUCT_NAME = "$(TARGET_NAME)";
				PROVISIONING_PROFILE = "";
				SWIFT_OBJC_BRIDGING_HEADER = "ezlang/models/ezlang-Bridging-Header.h";
				SWIFT_OPTIMIZATION_LEVEL = "-Onone";
			};
			name = Server;
		};
		04A835F11CDFCEF200CFC06A /* Server */ = {
			isa = XCBuildConfiguration;
			baseConfigurationReference = C1240D8AB2ED2D5B72877EB7 /* Pods-ezlangTests.server.xcconfig */;
			buildSettings = {
				BUNDLE_LOADER = "$(TEST_HOST)";
				INFOPLIST_FILE = ezlangTests/Info.plist;
				LD_RUNPATH_SEARCH_PATHS = "$(inherited) @executable_path/Frameworks @loader_path/Frameworks";
				PRODUCT_BUNDLE_IDENTIFIER = com.5wheels.ezlangTests;
				PRODUCT_NAME = "$(TARGET_NAME)";
				TEST_HOST = "$(BUILT_PRODUCTS_DIR)/ezlang.app/ezlang";
			};
			name = Server;
		};
		04A835F21CDFCEF200CFC06A /* Server */ = {
			isa = XCBuildConfiguration;
			baseConfigurationReference = A59960CBB116A83FA9961138 /* Pods-ezlangUITests.server.xcconfig */;
			buildSettings = {
				INFOPLIST_FILE = ezlangUITests/Info.plist;
				LD_RUNPATH_SEARCH_PATHS = "$(inherited) @executable_path/Frameworks @loader_path/Frameworks";
				PRODUCT_BUNDLE_IDENTIFIER = com.5wheels.ezlangUITests;
				PRODUCT_NAME = "$(TARGET_NAME)";
				TEST_TARGET_NAME = ezlang;
				USES_XCTRUNNER = YES;
			};
			name = Server;
		};
		7A21FC731BFE0EF30047BE1B /* Debug */ = {
			isa = XCBuildConfiguration;
			buildSettings = {
				ALWAYS_SEARCH_USER_PATHS = NO;
				CLANG_CXX_LANGUAGE_STANDARD = "gnu++0x";
				CLANG_CXX_LIBRARY = "libc++";
				CLANG_ENABLE_MODULES = YES;
				CLANG_ENABLE_OBJC_ARC = YES;
				CLANG_WARN_BOOL_CONVERSION = YES;
				CLANG_WARN_CONSTANT_CONVERSION = YES;
				CLANG_WARN_DIRECT_OBJC_ISA_USAGE = YES_ERROR;
				CLANG_WARN_EMPTY_BODY = YES;
				CLANG_WARN_ENUM_CONVERSION = YES;
				CLANG_WARN_INT_CONVERSION = YES;
				CLANG_WARN_OBJC_ROOT_CLASS = YES_ERROR;
				CLANG_WARN_UNREACHABLE_CODE = YES;
				CLANG_WARN__DUPLICATE_METHOD_MATCH = YES;
				CODE_SIGN_IDENTITY = "iPhone Developer: Andrew Puhach (GWYT5WVV6M)";
				"CODE_SIGN_IDENTITY[sdk=iphoneos*]" = "iPhone Developer: Andrew Puhach (GWYT5WVV6M)";
				COPY_PHASE_STRIP = NO;
				DEBUG_INFORMATION_FORMAT = dwarf;
				ENABLE_STRICT_OBJC_MSGSEND = YES;
				ENABLE_TESTABILITY = YES;
				GCC_C_LANGUAGE_STANDARD = gnu99;
				GCC_DYNAMIC_NO_PIC = NO;
				GCC_NO_COMMON_BLOCKS = YES;
				GCC_OPTIMIZATION_LEVEL = 0;
				GCC_PREPROCESSOR_DEFINITIONS = (
					"DEBUG=1",
					"$(inherited)",
				);
				GCC_WARN_64_TO_32_BIT_CONVERSION = YES;
				GCC_WARN_ABOUT_RETURN_TYPE = YES_ERROR;
				GCC_WARN_UNDECLARED_SELECTOR = YES;
				GCC_WARN_UNINITIALIZED_AUTOS = YES_AGGRESSIVE;
				GCC_WARN_UNUSED_FUNCTION = YES;
				GCC_WARN_UNUSED_VARIABLE = YES;
				IPHONEOS_DEPLOYMENT_TARGET = 9.0;
				MTL_ENABLE_DEBUG_INFO = YES;
				ONLY_ACTIVE_ARCH = YES;
				PROVISIONING_PROFILE = "";
				SDKROOT = iphoneos;
				SWIFT_OPTIMIZATION_LEVEL = "-Onone";
				TARGETED_DEVICE_FAMILY = "1,2";
				VALIDATE_PRODUCT = YES;
			};
			name = Debug;
		};
		7A21FC741BFE0EF30047BE1B /* Release */ = {
			isa = XCBuildConfiguration;
			buildSettings = {
				ALWAYS_SEARCH_USER_PATHS = NO;
				CLANG_CXX_LANGUAGE_STANDARD = "gnu++0x";
				CLANG_CXX_LIBRARY = "libc++";
				CLANG_ENABLE_MODULES = YES;
				CLANG_ENABLE_OBJC_ARC = YES;
				CLANG_WARN_BOOL_CONVERSION = YES;
				CLANG_WARN_CONSTANT_CONVERSION = YES;
				CLANG_WARN_DIRECT_OBJC_ISA_USAGE = YES_ERROR;
				CLANG_WARN_EMPTY_BODY = YES;
				CLANG_WARN_ENUM_CONVERSION = YES;
				CLANG_WARN_INT_CONVERSION = YES;
				CLANG_WARN_OBJC_ROOT_CLASS = YES_ERROR;
				CLANG_WARN_UNREACHABLE_CODE = YES;
				CLANG_WARN__DUPLICATE_METHOD_MATCH = YES;
				CODE_SIGN_IDENTITY = "iPhone Developer: Andrew Puhach (GWYT5WVV6M)";
				"CODE_SIGN_IDENTITY[sdk=iphoneos*]" = "iPhone Developer: Andrew Puhach (GWYT5WVV6M)";
				COPY_PHASE_STRIP = NO;
				DEBUG_INFORMATION_FORMAT = "dwarf-with-dsym";
				ENABLE_NS_ASSERTIONS = NO;
				ENABLE_STRICT_OBJC_MSGSEND = YES;
				ENABLE_TESTABILITY = YES;
				GCC_C_LANGUAGE_STANDARD = gnu99;
				GCC_NO_COMMON_BLOCKS = YES;
				GCC_WARN_64_TO_32_BIT_CONVERSION = YES;
				GCC_WARN_ABOUT_RETURN_TYPE = YES_ERROR;
				GCC_WARN_UNDECLARED_SELECTOR = YES;
				GCC_WARN_UNINITIALIZED_AUTOS = YES_AGGRESSIVE;
				GCC_WARN_UNUSED_FUNCTION = YES;
				GCC_WARN_UNUSED_VARIABLE = YES;
				IPHONEOS_DEPLOYMENT_TARGET = 9.0;
				MTL_ENABLE_DEBUG_INFO = NO;
				ONLY_ACTIVE_ARCH = YES;
				SDKROOT = iphoneos;
				TARGETED_DEVICE_FAMILY = "1,2";
				VALIDATE_PRODUCT = YES;
			};
			name = Release;
		};
		7A21FC761BFE0EF30047BE1B /* Debug */ = {
			isa = XCBuildConfiguration;
			baseConfigurationReference = 28F3C6943799F4CF8D97E071 /* Pods-ezlang.debug.xcconfig */;
			buildSettings = {
				ASSETCATALOG_COMPILER_APPICON_NAME = AppIcon;
				CLANG_ENABLE_MODULES = YES;
				CODE_SIGN_IDENTITY = "iPhone Developer";
				"CODE_SIGN_IDENTITY[sdk=iphoneos*]" = "iPhone Developer";
				FRAMEWORK_SEARCH_PATHS = (
					"$(inherited)",
					"$(PROJECT_DIR)/build/Debug-iphoneos",
				);
				INFOPLIST_FILE = ezlang/Info.plist;
				LD_RUNPATH_SEARCH_PATHS = "$(inherited) @executable_path/Frameworks";
				PRODUCT_BUNDLE_IDENTIFIER = com.5wheels.ezlang;
				PRODUCT_NAME = "$(TARGET_NAME)";
				PROVISIONING_PROFILE = "";
				SWIFT_OBJC_BRIDGING_HEADER = "ezlang/models/ezlang-Bridging-Header.h";
				SWIFT_OPTIMIZATION_LEVEL = "-Onone";
			};
			name = Debug;
		};
		7A21FC771BFE0EF30047BE1B /* Release */ = {
			isa = XCBuildConfiguration;
			baseConfigurationReference = 8AA68D8CCF97E36A860C1995 /* Pods-ezlang.release.xcconfig */;
			buildSettings = {
				ASSETCATALOG_COMPILER_APPICON_NAME = AppIcon;
				CLANG_ENABLE_MODULES = YES;
				CODE_SIGN_IDENTITY = "iPhone Developer";
				"CODE_SIGN_IDENTITY[sdk=iphoneos*]" = "iPhone Developer";
				FRAMEWORK_SEARCH_PATHS = (
					"$(inherited)",
					"$(PROJECT_DIR)/build/Debug-iphoneos",
				);
				"FRAMEWORK_SEARCH_PATHS[sdk=iphoneos*]" = (
					"$(inherited)",
					"$(PROJECT_DIR)/Pods/Realm",
				);
				INFOPLIST_FILE = ezlang/Info.plist;
				LD_RUNPATH_SEARCH_PATHS = "$(inherited) @executable_path/Frameworks";
				PRODUCT_BUNDLE_IDENTIFIER = com.5wheels.ezlang;
				PRODUCT_NAME = "$(TARGET_NAME)";
				PROVISIONING_PROFILE = "";
				SWIFT_OBJC_BRIDGING_HEADER = "ezlang/models/ezlang-Bridging-Header.h";
				SWIFT_OPTIMIZATION_LEVEL = "-Owholemodule";
			};
			name = Release;
		};
		7A21FC791BFE0EF30047BE1B /* Debug */ = {
			isa = XCBuildConfiguration;
			baseConfigurationReference = 701BA73AAA8F5FE37EE2A883 /* Pods-ezlangTests.debug.xcconfig */;
			buildSettings = {
				BUNDLE_LOADER = "$(TEST_HOST)";
				INFOPLIST_FILE = ezlangTests/Info.plist;
				LD_RUNPATH_SEARCH_PATHS = "$(inherited) @executable_path/Frameworks @loader_path/Frameworks";
				PRODUCT_BUNDLE_IDENTIFIER = com.5wheels.ezlangTests;
				PRODUCT_NAME = "$(TARGET_NAME)";
				TEST_HOST = "$(BUILT_PRODUCTS_DIR)/ezlang.app/ezlang";
			};
			name = Debug;
		};
		7A21FC7A1BFE0EF30047BE1B /* Release */ = {
			isa = XCBuildConfiguration;
			baseConfigurationReference = 95A8D3DAA712FA78307ACF00 /* Pods-ezlangTests.release.xcconfig */;
			buildSettings = {
				BUNDLE_LOADER = "$(TEST_HOST)";
				INFOPLIST_FILE = ezlangTests/Info.plist;
				LD_RUNPATH_SEARCH_PATHS = "$(inherited) @executable_path/Frameworks @loader_path/Frameworks";
				PRODUCT_BUNDLE_IDENTIFIER = com.5wheels.ezlangTests;
				PRODUCT_NAME = "$(TARGET_NAME)";
				TEST_HOST = "$(BUILT_PRODUCTS_DIR)/ezlang.app/ezlang";
			};
			name = Release;
		};
		7A21FC7C1BFE0EF30047BE1B /* Debug */ = {
			isa = XCBuildConfiguration;
			baseConfigurationReference = 917E16E222CB8FA7E8A532C8 /* Pods-ezlangUITests.debug.xcconfig */;
			buildSettings = {
				INFOPLIST_FILE = ezlangUITests/Info.plist;
				LD_RUNPATH_SEARCH_PATHS = "$(inherited) @executable_path/Frameworks @loader_path/Frameworks";
				PRODUCT_BUNDLE_IDENTIFIER = com.5wheels.ezlangUITests;
				PRODUCT_NAME = "$(TARGET_NAME)";
				TEST_TARGET_NAME = ezlang;
				USES_XCTRUNNER = YES;
			};
			name = Debug;
		};
		7A21FC7D1BFE0EF30047BE1B /* Release */ = {
			isa = XCBuildConfiguration;
			baseConfigurationReference = F4FEE6688FB0D870F485B5C9 /* Pods-ezlangUITests.release.xcconfig */;
			buildSettings = {
				INFOPLIST_FILE = ezlangUITests/Info.plist;
				LD_RUNPATH_SEARCH_PATHS = "$(inherited) @executable_path/Frameworks @loader_path/Frameworks";
				PRODUCT_BUNDLE_IDENTIFIER = com.5wheels.ezlangUITests;
				PRODUCT_NAME = "$(TARGET_NAME)";
				TEST_TARGET_NAME = ezlang;
				USES_XCTRUNNER = YES;
			};
			name = Release;
		};
/* End XCBuildConfiguration section */

/* Begin XCConfigurationList section */
		7A21FC481BFE0EF30047BE1B /* Build configuration list for PBXProject "ezlang" */ = {
			isa = XCConfigurationList;
			buildConfigurations = (
				7A21FC731BFE0EF30047BE1B /* Debug */,
				04A835EF1CDFCEF200CFC06A /* Server */,
				04A835EB1CDFCED300CFC06A /* Local */,
				7A21FC741BFE0EF30047BE1B /* Release */,
			);
			defaultConfigurationIsVisible = 0;
			defaultConfigurationName = Release;
		};
		7A21FC751BFE0EF30047BE1B /* Build configuration list for PBXNativeTarget "ezlang" */ = {
			isa = XCConfigurationList;
			buildConfigurations = (
				7A21FC761BFE0EF30047BE1B /* Debug */,
				04A835F01CDFCEF200CFC06A /* Server */,
				04A835EC1CDFCED300CFC06A /* Local */,
				7A21FC771BFE0EF30047BE1B /* Release */,
			);
			defaultConfigurationIsVisible = 0;
			defaultConfigurationName = Release;
		};
		7A21FC781BFE0EF30047BE1B /* Build configuration list for PBXNativeTarget "ezlangTests" */ = {
			isa = XCConfigurationList;
			buildConfigurations = (
				7A21FC791BFE0EF30047BE1B /* Debug */,
				04A835F11CDFCEF200CFC06A /* Server */,
				04A835ED1CDFCED300CFC06A /* Local */,
				7A21FC7A1BFE0EF30047BE1B /* Release */,
			);
			defaultConfigurationIsVisible = 0;
			defaultConfigurationName = Release;
		};
		7A21FC7B1BFE0EF30047BE1B /* Build configuration list for PBXNativeTarget "ezlangUITests" */ = {
			isa = XCConfigurationList;
			buildConfigurations = (
				7A21FC7C1BFE0EF30047BE1B /* Debug */,
				04A835F21CDFCEF200CFC06A /* Server */,
				04A835EE1CDFCED300CFC06A /* Local */,
				7A21FC7D1BFE0EF30047BE1B /* Release */,
			);
			defaultConfigurationIsVisible = 0;
			defaultConfigurationName = Release;
		};
/* End XCConfigurationList section */
	};
	rootObject = 7A21FC451BFE0EF30047BE1B /* Project object */;
}
